# THIS IS AN AUTOGENERATED FILE. DO NOT EDIT THIS FILE DIRECTLY.
# yarn lockfile v1


"@c6o/kubeclient-contracts@^0.0.13":
  version "0.0.13"
  resolved "https://registry.yarnpkg.com/@c6o/kubeclient-contracts/-/kubeclient-contracts-0.0.13.tgz#d442ade1eba889063e4c737a1b7cd392d2b570f4"
  integrity sha512-pHBjV5DWyqnxg0Ypl8GhUL+K9u+9FKpRbVigSgpc1rp0Rm6PIGFSb45VLZSlfbepfl0KPgGj6m/Trf9R0kmhJQ==
  dependencies:
    ts-try "^0.2.0"
    ulid "^2.3.0"

ts-try@^0.2.0:
  version "0.2.0"
  resolved "https://registry.yarnpkg.com/ts-try/-/ts-try-0.2.0.tgz#ebf3cf243c85221cb8144321f5a86d5a73170def"
  integrity sha512-fdm7aSzV/UGoEYKPupBvcNey4huqwDhv06XahfbchNbSVxxyZfz1vfkVw4YUWWzSbatQ9V8meha80uQ+p3zWJA==

ulid@^2.3.0:
  version "2.3.0"
  resolved "https://registry.yarnpkg.com/ulid/-/ulid-2.3.0.tgz#93063522771a9774121a84d126ecd3eb9804071f"
  integrity sha512-keqHubrlpvT6G2wH0OEfSW4mquYRcbe/J8NMmveoQOjUqmo+hXtO+ORCpWhdbZ7k72UtY61BL7haGxW6enBnjw==
